
Microsoft Visual Studio Solution File, Format Version 12.00
# Visual Studio Version 17
VisualStudioVersion = 17.0.32112.339
MinimumVisualStudioVersion = 10.0.40219.1
Project("{FAE04EC0-301F-11D3-BF4B-00C04F79EFBC}") = "RestAPI", "RestAPI\RestAPI.csproj", "{E4B479FE-85B2-454A-ADB6-F222DEDD363C}"
EndProject
Project("{FAE04EC0-301F-11D3-BF4B-00C04F79EFBC}") = "DataAccess", "DataAccess\DataAccess.csproj", "{B5C4F4E0-14DD-4494-9481-7441857D6D79}"
EndProject
Project("{FAE04EC0-301F-11D3-BF4B-00C04F79EFBC}") = "Common", "Common\Common.csproj", "{A78F3027-5FC3-4D18-BAFE-5E9E2623DE3D}"
EndProject
Project("{FAE04EC0-301F-11D3-BF4B-00C04F79EFBC}") = "BusinessLogic", "BusinessLogic\BusinessLogic.csproj", "{A33EDFE0-95A1-4F68-9F55-EB8973B25A42}"
EndProject
Global
	GlobalSection(SolutionConfigurationPlatforms) = preSolution
		Debug|Any CPU = Debug|Any CPU
		Release|Any CPU = Release|Any CPU
	EndGlobalSection
	GlobalSection(ProjectConfigurationPlatforms) = postSolution
		{E4B479FE-85B2-454A-ADB6-F222DEDD363C}.Debug|Any CPU.ActiveCfg = Debug|Any CPU
		{E4B479FE-85B2-454A-ADB6-F222DEDD363C}.Debug|Any CPU.Build.0 = Debug|Any CPU
		{E4B479FE-85B2-454A-ADB6-F222DEDD363C}.Release|Any CPU.ActiveCfg = Release|Any CPU
		{E4B479FE-85B2-454A-ADB6-F222DEDD363C}.Release|Any CPU.Build.0 = Release|Any CPU
		{B5C4F4E0-14DD-4494-9481-7441857D6D79}.Debug|Any CPU.ActiveCfg = Debug|Any CPU
		{B5C4F4E0-14DD-4494-9481-7441857D6D79}.Debug|Any CPU.Build.0 = Debug|Any CPU
		{B5C4F4E0-14DD-4494-9481-7441857D6D79}.Release|Any CPU.ActiveCfg = Release|Any CPU
		{B5C4F4E0-14DD-4494-9481-7441857D6D79}.Release|Any CPU.Build.0 = Release|Any CPU
		{A78F3027-5FC3-4D18-BAFE-5E9E2623DE3D}.Debug|Any CPU.ActiveCfg = Debug|Any CPU
		{A78F3027-5FC3-4D18-BAFE-5E9E2623DE3D}.Debug|Any CPU.Build.0 = Debug|Any CPU
		{A78F3027-5FC3-4D18-BAFE-5E9E2623DE3D}.Release|Any CPU.ActiveCfg = Release|Any CPU
		{A78F3027-5FC3-4D18-BAFE-5E9E2623DE3D}.Release|Any CPU.Build.0 = Release|Any CPU
		{A33EDFE0-95A1-4F68-9F55-EB8973B25A42}.Debug|Any CPU.ActiveCfg = Debug|Any CPU
		{A33EDFE0-95A1-4F68-9F55-EB8973B25A42}.Debug|Any CPU.Build.0 = Debug|Any CPU
		{A33EDFE0-95A1-4F68-9F55-EB8973B25A42}.Release|Any CPU.ActiveCfg = Release|Any CPU
		{A33EDFE0-95A1-4F68-9F55-EB8973B25A42}.Release|Any CPU.Build.0 = Release|Any CPU
	EndGlobalSection
	GlobalSection(SolutionProperties) = preSolution
		HideSolutionNode = FALSE
	EndGlobalSection
	GlobalSection(ExtensibilityGlobals) = postSolution
		SolutionGuid = {3F021EC8-1773-4609-87A0-8DC47E852293}
	EndGlobalSection
EndGlobal
